# This file is automatically @generated by Cargo.
# It is not intended for manual editing.
version = 3

[[package]]
name = "biblia-cli"
version = "0.1.0"
dependencies = [
 "biblia-core",
]

[[package]]
name = "biblia-core"
version = "0.1.0"

[[package]]
name = "biblia-tui"
version = "0.1.0"
dependencies = [
 "biblia-core",
]

[[package]]
name = "xtask"
version = "0.1.0"
dependencies = [
 "biblia-core",
]
